<Solution>
  <Project Path="VNovelizer.Runtime.csproj" />
  <Project Path="Assembly-CSharp.csproj" />
  <Project Path="VNovelizer.Editor.csproj" />
  <Project Path="LitJson.csproj" />
  <Project Path="MemoryAlbum.CaptureSys.csproj" />
  <Project Path="Coffee.UIParticle.csproj" />
  <Project Path="Coffee.UIParticle.Editor.csproj" />
  <Project Path="MemoryAlbum.CaptureSys.Tests.csproj" />
</Solution>
